
Microsoft Visual Studio Solution File, Format Version 11.00
# Visual Studio 2010
Project("{2150E333-8FDC-42A3-9474-1A3956D46DE8}") = "Load", "Load", "{EDF02FC0-9F34-474D-AAC3-49394585A322}"
EndProject
Project("{2150E333-8FDC-42A3-9474-1A3956D46DE8}") = "LBS", "LBS", "{9F012C7E-80AD-4E3C-9E8C-CD349659C0EE}"
EndProject
Project("{2150E333-8FDC-42A3-9474-1A3956D46DE8}") = "HLASim", "HLASim", "{744D0884-790F-4F25-898B-E87C8627D0B5}"
EndProject
Project("{2150E333-8FDC-42A3-9474-1A3956D46DE8}") = "ThirdParty", "ThirdParty", "{4C353ED5-278E-451A-ABF5-6D64017A0BD2}"
EndProject
Project("{2150E333-8FDC-42A3-9474-1A3956D46DE8}") = "Federates", "Federates", "{3A24B5BB-197B-4898-913E-8A3E72D9199E}"
EndProject
Project("{8BC9CEB8-8B4A-11D0-8D11-00A0C91BC942}") = "LoadHistory", "projects\LoadHistory\LoadHistory.vcxproj", "{80A14DC5-78B0-4D79-9233-59B986A38606}"
EndProject
Project("{8BC9CEB8-8B4A-11D0-8D11-00A0C91BC942}") = "LoadManager", "projects\LoadManager\LoadManager.vcxproj", "{56A459CB-2834-4AC8-BB04-B4A0BD1C5C2F}"
EndProject
Project("{8BC9CEB8-8B4A-11D0-8D11-00A0C91BC942}") = "LoadMonitor", "projects\LoadTracer\LoadTracer.vcxproj", "{F471D3F6-E98C-41C1-A70C-B3CADFC73F30}"
EndProject
Project("{8BC9CEB8-8B4A-11D0-8D11-00A0C91BC942}") = "LBSDefault", "projects\LBSDefault\LBSDefault.vcxproj", "{5E94CFDC-ECFD-43CA-BCA2-52A9D4F8C5AE}"
EndProject
Project("{8BC9CEB8-8B4A-11D0-8D11-00A0C91BC942}") = "CountryRTI", "projects\Federates\CountryRTI\CountryRTI.vcxproj", "{3483E694-A12A-44ED-B9A6-C85D3598195C}"
EndProject
Project("{8BC9CEB8-8B4A-11D0-8D11-00A0C91BC942}") = "Utility", "projects\Utility\Utility.vcxproj", "{976CC0AB-9E21-449E-AA8F-85C1936BA120}"
EndProject
Project("{8BC9CEB8-8B4A-11D0-8D11-00A0C91BC942}") = "SimAgent", "projects\SimAgent\SimAgent.vcxproj", "{32F311AB-FCAE-47FF-A615-F0EA4F440007}"
EndProject
Project("{8BC9CEB8-8B4A-11D0-8D11-00A0C91BC942}") = "MigrationRequestListener", "projects\MigrationRequestListener\MigrationRequestListener.vcxproj", "{AF77EBCB-2E34-4F85-BDD4-E032392A3D93}"
EndProject
Project("{8BC9CEB8-8B4A-11D0-8D11-00A0C91BC942}") = "ProgramRunner", "projects\ProgramRunner\ProgramRunner.vcxproj", "{5268B55C-97F3-4DAE-92F3-8635817FB04C}"
EndProject
Project("{8BC9CEB8-8B4A-11D0-8D11-00A0C91BC942}") = "SimReporter", "SimReporter\SimReporter.vcxproj", "{10166E74-D9CF-490D-B4C2-6637AC630000}"
EndProject
Global
	GlobalSection(SolutionConfigurationPlatforms) = preSolution
		Debug|Win32 = Debug|Win32
		Release|Win32 = Release|Win32
		SammosRelease|Win32 = SammosRelease|Win32
	EndGlobalSection
	GlobalSection(ProjectConfigurationPlatforms) = postSolution
		{80A14DC5-78B0-4D79-9233-59B986A38606}.Debug|Win32.ActiveCfg = Debug|Win32
		{80A14DC5-78B0-4D79-9233-59B986A38606}.Debug|Win32.Build.0 = Debug|Win32
		{80A14DC5-78B0-4D79-9233-59B986A38606}.Release|Win32.ActiveCfg = Release|Win32
		{80A14DC5-78B0-4D79-9233-59B986A38606}.Release|Win32.Build.0 = Release|Win32
		{80A14DC5-78B0-4D79-9233-59B986A38606}.SammosRelease|Win32.ActiveCfg = Release|Win32
		{80A14DC5-78B0-4D79-9233-59B986A38606}.SammosRelease|Win32.Build.0 = Release|Win32
		{56A459CB-2834-4AC8-BB04-B4A0BD1C5C2F}.Debug|Win32.ActiveCfg = Debug|Win32
		{56A459CB-2834-4AC8-BB04-B4A0BD1C5C2F}.Debug|Win32.Build.0 = Debug|Win32
		{56A459CB-2834-4AC8-BB04-B4A0BD1C5C2F}.Release|Win32.ActiveCfg = Release|Win32
		{56A459CB-2834-4AC8-BB04-B4A0BD1C5C2F}.Release|Win32.Build.0 = Release|Win32
		{56A459CB-2834-4AC8-BB04-B4A0BD1C5C2F}.SammosRelease|Win32.ActiveCfg = Release|Win32
		{56A459CB-2834-4AC8-BB04-B4A0BD1C5C2F}.SammosRelease|Win32.Build.0 = Release|Win32
		{F471D3F6-E98C-41C1-A70C-B3CADFC73F30}.Debug|Win32.ActiveCfg = Debug|Win32
		{F471D3F6-E98C-41C1-A70C-B3CADFC73F30}.Debug|Win32.Build.0 = Debug|Win32
		{F471D3F6-E98C-41C1-A70C-B3CADFC73F30}.Release|Win32.ActiveCfg = Release|Win32
		{F471D3F6-E98C-41C1-A70C-B3CADFC73F30}.Release|Win32.Build.0 = Release|Win32
		{F471D3F6-E98C-41C1-A70C-B3CADFC73F30}.SammosRelease|Win32.ActiveCfg = Release|Win32
		{F471D3F6-E98C-41C1-A70C-B3CADFC73F30}.SammosRelease|Win32.Build.0 = Release|Win32
		{5E94CFDC-ECFD-43CA-BCA2-52A9D4F8C5AE}.Debug|Win32.ActiveCfg = Debug|Win32
		{5E94CFDC-ECFD-43CA-BCA2-52A9D4F8C5AE}.Debug|Win32.Build.0 = Debug|Win32
		{5E94CFDC-ECFD-43CA-BCA2-52A9D4F8C5AE}.Release|Win32.ActiveCfg = Release|Win32
		{5E94CFDC-ECFD-43CA-BCA2-52A9D4F8C5AE}.Release|Win32.Build.0 = Release|Win32
		{5E94CFDC-ECFD-43CA-BCA2-52A9D4F8C5AE}.SammosRelease|Win32.ActiveCfg = Release|Win32
		{5E94CFDC-ECFD-43CA-BCA2-52A9D4F8C5AE}.SammosRelease|Win32.Build.0 = Release|Win32
		{3483E694-A12A-44ED-B9A6-C85D3598195C}.Debug|Win32.ActiveCfg = Debug|Win32
		{3483E694-A12A-44ED-B9A6-C85D3598195C}.Debug|Win32.Build.0 = Debug|Win32
		{3483E694-A12A-44ED-B9A6-C85D3598195C}.Release|Win32.ActiveCfg = Release|Win32
		{3483E694-A12A-44ED-B9A6-C85D3598195C}.Release|Win32.Build.0 = Release|Win32
		{3483E694-A12A-44ED-B9A6-C85D3598195C}.SammosRelease|Win32.ActiveCfg = Release|Win32
		{3483E694-A12A-44ED-B9A6-C85D3598195C}.SammosRelease|Win32.Build.0 = Release|Win32
		{976CC0AB-9E21-449E-AA8F-85C1936BA120}.Debug|Win32.ActiveCfg = Debug|Win32
		{976CC0AB-9E21-449E-AA8F-85C1936BA120}.Debug|Win32.Build.0 = Debug|Win32
		{976CC0AB-9E21-449E-AA8F-85C1936BA120}.Release|Win32.ActiveCfg = Release|Win32
		{976CC0AB-9E21-449E-AA8F-85C1936BA120}.Release|Win32.Build.0 = Release|Win32
		{976CC0AB-9E21-449E-AA8F-85C1936BA120}.SammosRelease|Win32.ActiveCfg = Release|Win32
		{976CC0AB-9E21-449E-AA8F-85C1936BA120}.SammosRelease|Win32.Build.0 = Release|Win32
		{32F311AB-FCAE-47FF-A615-F0EA4F440007}.Debug|Win32.ActiveCfg = Debug|Win32
		{32F311AB-FCAE-47FF-A615-F0EA4F440007}.Debug|Win32.Build.0 = Debug|Win32
		{32F311AB-FCAE-47FF-A615-F0EA4F440007}.Release|Win32.ActiveCfg = Release|Win32
		{32F311AB-FCAE-47FF-A615-F0EA4F440007}.Release|Win32.Build.0 = Release|Win32
		{32F311AB-FCAE-47FF-A615-F0EA4F440007}.SammosRelease|Win32.ActiveCfg = Release|Win32
		{32F311AB-FCAE-47FF-A615-F0EA4F440007}.SammosRelease|Win32.Build.0 = Release|Win32
		{AF77EBCB-2E34-4F85-BDD4-E032392A3D93}.Debug|Win32.ActiveCfg = Debug|Win32
		{AF77EBCB-2E34-4F85-BDD4-E032392A3D93}.Debug|Win32.Build.0 = Debug|Win32
		{AF77EBCB-2E34-4F85-BDD4-E032392A3D93}.Release|Win32.ActiveCfg = Release|Win32
		{AF77EBCB-2E34-4F85-BDD4-E032392A3D93}.Release|Win32.Build.0 = Release|Win32
		{AF77EBCB-2E34-4F85-BDD4-E032392A3D93}.SammosRelease|Win32.ActiveCfg = Release|Win32
		{AF77EBCB-2E34-4F85-BDD4-E032392A3D93}.SammosRelease|Win32.Build.0 = Release|Win32
		{5268B55C-97F3-4DAE-92F3-8635817FB04C}.Debug|Win32.ActiveCfg = Debug|Win32
		{5268B55C-97F3-4DAE-92F3-8635817FB04C}.Debug|Win32.Build.0 = Debug|Win32
		{5268B55C-97F3-4DAE-92F3-8635817FB04C}.Release|Win32.ActiveCfg = Release|Win32
		{5268B55C-97F3-4DAE-92F3-8635817FB04C}.Release|Win32.Build.0 = Release|Win32
		{5268B55C-97F3-4DAE-92F3-8635817FB04C}.SammosRelease|Win32.ActiveCfg = Release|Win32
		{5268B55C-97F3-4DAE-92F3-8635817FB04C}.SammosRelease|Win32.Build.0 = Release|Win32
		{10166E74-D9CF-490D-B4C2-6637AC630000}.Debug|Win32.ActiveCfg = Debug|Win32
		{10166E74-D9CF-490D-B4C2-6637AC630000}.Debug|Win32.Build.0 = Debug|Win32
		{10166E74-D9CF-490D-B4C2-6637AC630000}.Release|Win32.ActiveCfg = Release|Win32
		{10166E74-D9CF-490D-B4C2-6637AC630000}.Release|Win32.Build.0 = Release|Win32
		{10166E74-D9CF-490D-B4C2-6637AC630000}.SammosRelease|Win32.ActiveCfg = Release|Win32
		{10166E74-D9CF-490D-B4C2-6637AC630000}.SammosRelease|Win32.Build.0 = Release|Win32
	EndGlobalSection
	GlobalSection(SolutionProperties) = preSolution
		HideSolutionNode = FALSE
	EndGlobalSection
	GlobalSection(NestedProjects) = preSolution
		{80A14DC5-78B0-4D79-9233-59B986A38606} = {EDF02FC0-9F34-474D-AAC3-49394585A322}
		{56A459CB-2834-4AC8-BB04-B4A0BD1C5C2F} = {EDF02FC0-9F34-474D-AAC3-49394585A322}
		{F471D3F6-E98C-41C1-A70C-B3CADFC73F30} = {EDF02FC0-9F34-474D-AAC3-49394585A322}
		{5E94CFDC-ECFD-43CA-BCA2-52A9D4F8C5AE} = {9F012C7E-80AD-4E3C-9E8C-CD349659C0EE}
		{32F311AB-FCAE-47FF-A615-F0EA4F440007} = {9F012C7E-80AD-4E3C-9E8C-CD349659C0EE}
		{AF77EBCB-2E34-4F85-BDD4-E032392A3D93} = {9F012C7E-80AD-4E3C-9E8C-CD349659C0EE}
		{3A24B5BB-197B-4898-913E-8A3E72D9199E} = {744D0884-790F-4F25-898B-E87C8627D0B5}
		{976CC0AB-9E21-449E-AA8F-85C1936BA120} = {4C353ED5-278E-451A-ABF5-6D64017A0BD2}
		{5268B55C-97F3-4DAE-92F3-8635817FB04C} = {4C353ED5-278E-451A-ABF5-6D64017A0BD2}
		{10166E74-D9CF-490D-B4C2-6637AC630000} = {4C353ED5-278E-451A-ABF5-6D64017A0BD2}
		{3483E694-A12A-44ED-B9A6-C85D3598195C} = {3A24B5BB-197B-4898-913E-8A3E72D9199E}
	EndGlobalSection
EndGlobal
